// !$*UTF8*$!
{
	archiveVersion = 1;
	classes = {
	};
	objectVersion = 48;
	objects = {

/* Begin PBXBuildFile section */
		0C944C3421ED4013007FA4B2 /* AppDelegate.swift in Sources */ = {isa = PBXBuildFile; fileRef = 0C944C3321ED4013007FA4B2 /* AppDelegate.swift */; };
		0C944C3621ED4013007FA4B2 /* TodayListViewController.swift in Sources */ = {isa = PBXBuildFile; fileRef = 0C944C3521ED4013007FA4B2 /* TodayListViewController.swift */; };
		0C944C3921ED4013007FA4B2 /* Main.storyboard in Resources */ = {isa = PBXBuildFile; fileRef = 0C944C3721ED4013007FA4B2 /* Main.storyboard */; };
		0C944C3B21ED4013007FA4B2 /* Assets.xcassets in Resources */ = {isa = PBXBuildFile; fileRef = 0C944C3A21ED4013007FA4B2 /* Assets.xcassets */; };
		0C944C3E21ED4013007FA4B2 /* LaunchScreen.storyboard in Resources */ = {isa = PBXBuildFile; fileRef = 0C944C3C21ED4013007FA4B2 /* LaunchScreen.storyboard */; };
/* End PBXBuildFile section */

/* Begin PBXFileReference section */
		0C944C3021ED4013007FA4B2 /* TodayList.app */ = {isa = PBXFileReference; explicitFileType = wrapper.application; includeInIndex = 0; path = TodayList.app; sourceTree = BUILT_PRODUCTS_DIR; };
		0C944C3321ED4013007FA4B2 /* AppDelegate.swift */ = {isa = PBXFileReference; lastKnownFileType = sourcecode.swift; path = AppDelegate.swift; sourceTree = "<group>"; };
		0C944C3521ED4013007FA4B2 /* TodayListViewController.swift */ = {isa = PBXFileReference; lastKnownFileType = sourcecode.swift; path = TodayListViewController.swift; sourceTree = "<group>"; };
		0C944C3821ED4013007FA4B2 /* Base */ = {isa = PBXFileReference; lastKnownFileType = file.storyboard; name = Base; path = Base.lproj/Main.storyboard; sourceTree = "<group>"; };
		0C944C3A21ED4013007FA4B2 /* Assets.xcassets */ = {isa = PBXFileReference; lastKnownFileType = folder.assetcatalog; path = Assets.xcassets; sourceTree = "<group>"; };
		0C944C3D21ED4013007FA4B2 /* Base */ = {isa = PBXFileReference; lastKnownFileType = file.storyboard; name = Base; path = Base.lproj/LaunchScreen.storyboard; sourceTree = "<group>"; };
		0C944C3F21ED4013007FA4B2 /* Info.plist */ = {isa = PBXFileReference; lastKnownFileType = text.plist.xml; path = Info.plist; sourceTree = "<group>"; };
/* End PBXFileReference section */

/* Begin PBXFrameworksBuildPhase section */
		0C944C2D21ED4013007FA4B2 /* Frameworks */ = {
			isa = PBXFrameworksBuildPhase;
			buildActionMask = 2147483647;
			files = (
			);
			runOnlyForDeploymentPostprocessing = 0;
		};
/* End PBXFrameworksBuildPhase section */

/* Begin PBXGroup section */
		0C944C2721ED4013007FA4B2 = {
			isa = PBXGroup;
			children = (
				0C944C3221ED4013007FA4B2 /* TodayList */,
				0C944C3121ED4013007FA4B2 /* Products */,
			);
			sourceTree = "<group>";
		};
		0C944C3121ED4013007FA4B2 /* Products */ = {
			isa = PBXGroup;
			children = (
				0C944C3021ED4013007FA4B2 /* TodayList.app */,
			);
			name = Products;
			sourceTree = "<group>";
		};
		0C944C3221ED4013007FA4B2 /* TodayList */ = {
			isa = PBXGroup;
			children = (
				0C944C4521ED4FCD007FA4B2 /* Model */,
				0C944C4621ED4FD3007FA4B2 /* View  */,
				0C944C4721ED4FE2007FA4B2 /* Controller */,
				0C944C3A21ED4013007FA4B2 /* Assets.xcassets */,
				0C944C3C21ED4013007FA4B2 /* LaunchScreen.storyboard */,
				0C944C3F21ED4013007FA4B2 /* Info.plist */,
			);
			path = TodayList;
			sourceTree = "<group>";
		};
		0C944C4521ED4FCD007FA4B2 /* Model */ = {
			isa = PBXGroup;
			children = (
			);
			path = Model;
			sourceTree = "<group>";
		};
		0C944C4621ED4FD3007FA4B2 /* View  */ = {
			isa = PBXGroup;
			children = (
				0C944C3721ED4013007FA4B2 /* Main.storyboard */,
			);
			path = "View ";
			sourceTree = "<group>";
		};
		0C944C4721ED4FE2007FA4B2 /* Controller */ = {
			isa = PBXGroup;
			children = (
				0C944C3521ED4013007FA4B2 /* TodayListViewController.swift */,
				0C944C3321ED4013007FA4B2 /* AppDelegate.swift */,
			);
			path = Controller;
			sourceTree = "<group>";
		};
/* End PBXGroup section */

/* Begin PBXNativeTarget section */
		0C944C2F21ED4013007FA4B2 /* TodayList */ = {
			isa = PBXNativeTarget;
			buildConfigurationList = 0C944C4221ED4013007FA4B2 /* Build configuration list for PBXNativeTarget "TodayList" */;
			buildPhases = (
				0C944C2C21ED4013007FA4B2 /* Sources */,
				0C944C2D21ED4013007FA4B2 /* Frameworks */,
				0C944C2E21ED4013007FA4B2 /* Resources */,
			);
			buildRules = (
			);
			dependencies = (
			);
			name = TodayList;
			productName = TodayList;
			productReference = 0C944C3021ED4013007FA4B2 /* TodayList.app */;
			productType = "com.apple.product-type.application";
		};
/* End PBXNativeTarget section */

/* Begin PBXProject section */
		0C944C2821ED4013007FA4B2 /* Project object */ = {
			isa = PBXProject;
			attributes = {
				LastSwiftUpdateCheck = 0920;
				LastUpgradeCheck = 0920;
				ORGANIZATIONNAME = Empire;
				TargetAttributes = {
					0C944C2F21ED4013007FA4B2 = {
						CreatedOnToolsVersion = 9.2;
						ProvisioningStyle = Automatic;
					};
				};
			};
			buildConfigurationList = 0C944C2B21ED4013007FA4B2 /* Build configuration list for PBXProject "TodayList" */;
			compatibilityVersion = "Xcode 8.0";
			developmentRegion = en;
			hasScannedForEncodings = 0;
			knownRegions = (
				en,
				Base,
			);
			mainGroup = 0C944C2721ED4013007FA4B2;
			productRefGroup = 0C944C3121ED4013007FA4B2 /* Products */;
			projectDirPath = "";
			projectRoot = "";
			targets = (
				0C944C2F21ED4013007FA4B2 /* TodayList */,
			);
		};
/* End PBXProject section */

/* Begin PBXResourcesBuildPhase section */
		0C944C2E21ED4013007FA4B2 /* Resources */ = {
			isa = PBXResourcesBuildPhase;
			buildActionMask = 2147483647;
			files = (
				0C944C3E21ED4013007FA4B2 /* LaunchScreen.storyboard in Resources */,
				0C944C3B21ED4013007FA4B2 /* Assets.xcassets in Resources */,
				0C944C3921ED4013007FA4B2 /* Main.storyboard in Resources */,
			);
			runOnlyForDeploymentPostprocessing = 0;
		};
/* End PBXResourcesBuildPhase section */

/* Begin PBXSourcesBuildPhase section */
		0C944C2C21ED4013007FA4B2 /* Sources */ = {
			isa = PBXSourcesBuildPhase;
			buildActionMask = 2147483647;
			files = (
				0C944C3621ED4013007FA4B2 /* TodayListViewController.swift in Sources */,
				0C944C3421ED4013007FA4B2 /* AppDelegate.swift in Sources */,
			);
			runOnlyForDeploymentPostprocessing = 0;
		};
/* End PBXSourcesBuildPhase section */

/* Begin PBXVariantGroup section */
		0C944C3721ED4013007FA4B2 /* Main.storyboard */ = {
			isa = PBXVariantGroup;
			children = (
				0C944C3821ED4013007FA4B2 /* Base */,
			);
			name = Main.storyboard;
			sourceTree = "<group>";
		};
		0C944C3C21ED4013007FA4B2 /* LaunchScreen.storyboard */ = {
			isa = PBXVariantGroup;
			children = (
				0C944C3D21ED4013007FA4B2 /* Base */,
			);
			name = LaunchScreen.storyboard;
			sourceTree = "<group>";
		};
/* End PBXVariantGroup section */

/* Begin XCBuildConfiguration section */
		0C944C4021ED4013007FA4B2 /* Debug */ = {
			isa = XCBuildConfiguration;
			buildSettings = {
				ALWAYS_SEARCH_USER_PATHS = NO;
				CLANG_ANALYZER_NONNULL = YES;
				CLANG_ANALYZER_NUMBER_OBJECT_CONVERSION = YES_AGGRESSIVE;
				CLANG_CXX_LANGUAGE_STANDARD = "gnu++14";
				CLANG_CXX_LIBRARY = "libc++";
				CLANG_ENABLE_MODULES = YES;
				CLANG_ENABLE_OBJC_ARC = YES;
				CLANG_WARN_BLOCK_CAPTURE_AUTORELEASING = YES;
				CLANG_WARN_BOOL_CONVERSION = YES;
				CLANG_WARN_COMMA = YES;
				CLANG_WARN_CONSTANT_CONVERSION = YES;
				CLANG_WARN_DIRECT_OBJC_ISA_USAGE = YES_ERROR;
				CLANG_WARN_DOCUMENTATION_COMMENTS = YES;
				CLANG_WARN_EMPTY_BODY = YES;
				CLANG_WARN_ENUM_CONVERSION = YES;
				CLANG_WARN_INFINITE_RECURSION = YES;
				CLANG_WARN_INT_CONVERSION = YES;
				CLANG_WARN_NON_LITERAL_NULL_CONVERSION = YES;
				CLANG_WARN_OBJC_LITERAL_CONVERSION = YES;
				CLANG_WARN_OBJC_ROOT_CLASS = YES_ERROR;
				CLANG_WARN_RANGE_LOOP_ANALYSIS = YES;
				CLANG_WARN_STRICT_PROTOTYPES = YES;
				CLANG_WARN_SUSPICIOUS_MOVE = YES;
				CLANG_WARN_UNGUARDED_AVAILABILITY = YES_AGGRESSIVE;
				CLANG_WARN_UNREACHABLE_CODE = YES;
				CLANG_WARN__DUPLICATE_METHOD_MATCH = YES;
				CODE_SIGN_IDENTITY = "iPhone Developer";
				COPY_PHASE_STRIP = NO;
				DEBUG_INFORMATION_FORMAT = dwarf;
				ENABLE_STRICT_OBJC_MSGSEND = YES;
				ENABLE_TESTABILITY = YES;
				GCC_C_LANGUAGE_STANDARD = gnu11;
				GCC_DYNAMIC_NO_PIC = NO;
				GCC_NO_COMMON_BLOCKS = YES;
				GCC_OPTIMIZATION_LEVEL = 0;
				GCC_PREPROCESSOR_DEFINITIONS = (
					"DEBUG=1",
					"$(inherited)",
				);
				GCC_WARN_64_TO_32_BIT_CONVERSION = YES;
				GCC_WARN_ABOUT_RETURN_TYPE = YES_ERROR;
				GCC_WARN_UNDECLARED_SELECTOR = YES;
				GCC_WARN_UNINITIALIZED_AUTOS = YES_AGGRESSIVE;
				GCC_WARN_UNUSED_FUNCTION = YES;
				GCC_WARN_UNUSED_VARIABLE = YES;
				IPHONEOS_DEPLOYMENT_TARGET = 11.2;
				MTL_ENABLE_DEBUG_INFO = YES;
				ONLY_ACTIVE_ARCH = YES;
				SDKROOT = iphoneos;
				SWIFT_ACTIVE_COMPILATION_CONDITIONS = DEBUG;
				SWIFT_OPTIMIZATION_LEVEL = "-Onone";
			};
			name = Debug;
		};
		0C944C4121ED4013007FA4B2 /* Release */ = {
			isa = XCBuildConfiguration;
			buildSettings = {
				ALWAYS_SEARCH_USER_PATHS = NO;
				CLANG_ANALYZER_NONNULL = YES;
				CLANG_ANALYZER_NUMBER_OBJECT_CONVERSION = YES_AGGRESSIVE;
				CLANG_CXX_LANGUAGE_STANDARD = "gnu++14";
				CLANG_CXX_LIBRARY = "libc++";
				CLANG_ENABLE_MODULES = YES;
				CLANG_ENABLE_OBJC_ARC = YES;
				CLANG_WARN_BLOCK_CAPTURE_AUTORELEASING = YES;
				CLANG_WARN_BOOL_CONVERSION = YES;
				CLANG_WARN_COMMA = YES;
				CLANG_WARN_CONSTANT_CONVERSION = YES;
				CLANG_WARN_DIRECT_OBJC_ISA_USAGE = YES_ERROR;
				CLANG_WARN_DOCUMENTATION_COMMENTS = YES;
				CLANG_WARN_EMPTY_BODY = YES;
				CLANG_WARN_ENUM_CONVERSION = YES;
				CLANG_WARN_INFINITE_RECURSION = YES;
				CLANG_WARN_INT_CONVERSION = YES;
				CLANG_WARN_NON_LITERAL_NULL_CONVERSION = YES;
				CLANG_WARN_OBJC_LITERAL_CONVERSION = YES;
				CLANG_WARN_OBJC_ROOT_CLASS = YES_ERROR;
				CLANG_WARN_RANGE_LOOP_ANALYSIS = YES;
				CLANG_WARN_STRICT_PROTOTYPES = YES;
				CLANG_WARN_SUSPICIOUS_MOVE = YES;
				CLANG_WARN_UNGUARDED_AVAILABILITY = YES_AGGRESSIVE;
				CLANG_WARN_UNREACHABLE_CODE = YES;
				CLANG_WARN__DUPLICATE_METHOD_MATCH = YES;
				CODE_SIGN_IDENTITY = "iPhone Developer";
				COPY_PHASE_STRIP = NO;
				DEBUG_INFORMATION_FORMAT = "dwarf-with-dsym";
				ENABLE_NS_ASSERTIONS = NO;
				ENABLE_STRICT_OBJC_MSGSEND = YES;
				GCC_C_LANGUAGE_STANDARD = gnu11;
				GCC_NO_COMMON_BLOCKS = YES;
				GCC_WARN_64_TO_32_BIT_CONVERSION = YES;
				GCC_WARN_ABOUT_RETURN_TYPE = YES_ERROR;
				GCC_WARN_UNDECLARED_SELECTOR = YES;
				GCC_WARN_UNINITIALIZED_AUTOS = YES_AGGRESSIVE;
				GCC_WARN_UNUSED_FUNCTION = YES;
				GCC_WARN_UNUSED_VARIABLE = YES;
				IPHONEOS_DEPLOYMENT_TARGET = 11.2;
				MTL_ENABLE_DEBUG_INFO = NO;
				SDKROOT = iphoneos;
				SWIFT_OPTIMIZATION_LEVEL = "-Owholemodule";
				VALIDATE_PRODUCT = YES;
			};
			name = Release;
		};
		0C944C4321ED4013007FA4B2 /* Debug */ = {
			isa = XCBuildConfiguration;
			buildSettings = {
				ASSETCATALOG_COMPILER_APPICON_NAME = AppIcon;
				CODE_SIGN_STYLE = Automatic;
				DEVELOPMENT_TEAM = 3RGMJFE258;
				INFOPLIST_FILE = TodayList/Info.plist;
				LD_RUNPATH_SEARCH_PATHS = "$(inherited) @executable_path/Frameworks";
				PRODUCT_BUNDLE_IDENTIFIER = com.csbduzi.TodayList;
				PRODUCT_NAME = "$(TARGET_NAME)";
				SWIFT_VERSION = 4.0;
				TARGETED_DEVICE_FAMILY = "1,2";
			};
			name = Debug;
		};
		0C944C4421ED4013007FA4B2 /* Release */ = {
			isa = XCBuildConfiguration;
			buildSettings = {
				ASSETCATALOG_COMPILER_APPICON_NAME = AppIcon;
				CODE_SIGN_STYLE = Automatic;
				DEVELOPMENT_TEAM = 3RGMJFE258;
				INFOPLIST_FILE = TodayList/Info.plist;
				LD_RUNPATH_SEARCH_PATHS = "$(inherited) @executable_path/Frameworks";
				PRODUCT_BUNDLE_IDENTIFIER = com.csbduzi.TodayList;
				PRODUCT_NAME = "$(TARGET_NAME)";
				SWIFT_VERSION = 4.0;
				TARGETED_DEVICE_FAMILY = "1,2";
			};
			name = Release;
		};
/* End XCBuildConfiguration section */

/* Begin XCConfigurationList section */
		0C944C2B21ED4013007FA4B2 /* Build configuration list for PBXProject "TodayList" */ = {
			isa = XCConfigurationList;
			buildConfigurations = (
				0C944C4021ED4013007FA4B2 /* Debug */,
				0C944C4121ED4013007FA4B2 /* Release */,
			);
			defaultConfigurationIsVisible = 0;
			defaultConfigurationName = Release;
		};
		0C944C4221ED4013007FA4B2 /* Build configuration list for PBXNativeTarget "TodayList" */ = {
			isa = XCConfigurationList;
			buildConfigurations = (
				0C944C4321ED4013007FA4B2 /* Debug */,
				0C944C4421ED4013007FA4B2 /* Release */,
			);
			defaultConfigurationIsVisible = 0;
			defaultConfigurationName = Release;
		};
/* End XCConfigurationList section */
	};
	rootObject = 0C944C2821ED4013007FA4B2 /* Project object */;
}
